# This file is generated by running "yarn install" inside your project.
# Manual changes might be lost - proceed with caution!

__metadata:
  version: 8
  cacheKey: 10c0

"@tsconfig/node24@npm:^24.0.1":
  version: 24.0.1
  resolution: "@tsconfig/node24@npm:24.0.1"
  checksum: 10c0/18e2ad5946bc6ddc9fbe37c4537439245da16eb8a5888641a1cdbc412a465ee321b5fa7c0ffc489c929d65c8bd0698ece9e8f3c52ae2596433ad0e866857bc83
  languageName: node
  linkType: hard

"@types/node@npm:^24.0.10":
  version: 24.0.10
  resolution: "@types/node@npm:24.0.10"
  dependencies:
    undici-types: "npm:~7.8.0"
  checksum: 10c0/11dbd869d3e12ee7b7818113588950e538783e45d227122174c763cb05977defbd1e01b44b5ccd4b8997e42c3df7f7b83c6ee05cfa43d924c8882886bc5f6582
  languageName: node
  linkType: hard

"json5@npm:^2.2.3":
  version: 2.2.3
  resolution: "json5@npm:2.2.3"
  bin:
    json5: lib/cli.js
  checksum: 10c0/5a04eed94810fa55c5ea138b2f7a5c12b97c3750bc63d11e511dcecbfef758003861522a070c2272764ee0f4e3e323862f386945aeb5b85b87ee43f084ba586c
  languageName: node
  linkType: hard

"picross-solver@workspace:.":
  version: 0.0.0-use.local
  resolution: "picross-solver@workspace:."
  dependencies:
    "@tsconfig/node24": "npm:^24.0.1"
    "@types/node": "npm:^24.0.10"
    json5: "npm:^2.2.3"
    typescript: "npm:^5.8.3"
  languageName: unknown
  linkType: soft

"typescript@npm:^5.8.3":
  version: 5.8.3
  resolution: "typescript@npm:5.8.3"
  bin:
    tsc: bin/tsc
    tsserver: bin/tsserver
  checksum: 10c0/5f8bb01196e542e64d44db3d16ee0e4063ce4f3e3966df6005f2588e86d91c03e1fb131c2581baf0fb65ee79669eea6e161cd448178986587e9f6844446dbb48
  languageName: node
  linkType: hard

"typescript@patch:typescript@npm%3A^5.8.3#optional!builtin<compat/typescript>":
  version: 5.8.3
  resolution: "typescript@patch:typescript@npm%3A5.8.3#optional!builtin<compat/typescript>::version=5.8.3&hash=5786d5"
  bin:
    tsc: bin/tsc
    tsserver: bin/tsserver
  checksum: 10c0/39117e346ff8ebd87ae1510b3a77d5d92dae5a89bde588c747d25da5c146603a99c8ee588c7ef80faaf123d89ed46f6dbd918d534d641083177d5fac38b8a1cb
  languageName: node
  linkType: hard

"undici-types@npm:~7.8.0":
  version: 7.8.0
  resolution: "undici-types@npm:7.8.0"
  checksum: 10c0/9d9d246d1dc32f318d46116efe3cfca5a72d4f16828febc1918d94e58f6ffcf39c158aa28bf5b4fc52f410446bc7858f35151367bd7a49f21746cab6497b709b
  languageName: node
  linkType: hard
